{
  "name": "esm-test",
  "version": "1.0.0",
  "lockfileVersion": 3,
  "requires": true,
  "packages": {
    "": {
      "name": "esm-test",
      "version": "1.0.0",
      "license": "MIT",
      "dependencies": {
        "wttp-core": "file:../../"
      }
    },
    "../..": {
      "name": "@wttp/core",
      "version": "0.5.1",
      "license": "AGPL-3.0",
      "dependencies": {
        "@nomicfoundation/hardhat-verify": "^2.0.14",
        "@tw3/esp": "^1.0.0",
        "@types/mime-types": "^3.0.1",
        "mime-types": "^3.0.1",
        "parse-uri": "^1.0.11"
      },
      "devDependencies": {
        "@nomicfoundation/hardhat-toolbox": "^5.0.0",
        "@types/parse-uri": "^1.0.2",
        "@wttp/gateway": "^0.1.0",
        "@wttp/site": "^0.2.0",
        "dotenv": "^16.5.0",
        "ethers": "^6.14.4",
        "hardhat": "^2.24.1",
        "hardhat-build": "^0.1.5",
        "shx": "^0.4.0",
        "ts-node": "^10.9.2",
        "typescript": "^5.8.3"
      }
    },
    "node_modules/wttp-core": {
      "resolved": "../..",
      "link": true
    }
  }
}
